
Microsoft Visual Studio Solution File, Format Version 12.00
# Visual Studio 15
VisualStudioVersion = 15.0.28307.438
MinimumVisualStudioVersion = 10.0.40219.1
Project("{9A19103F-16F7-4668-BE54-9A1E7A4F7556}") = "Formation.Webjobs.TriggeredHelloWorld", "Formation.Webjobs.TriggeredHelloWorld\Formation.Webjobs.TriggeredHelloWorld.csproj", "{8E9FE0FA-C483-4D4C-81B2-770FCF86293D}"
EndProject
Project("{FAE04EC0-301F-11D3-BF4B-00C04F79EFBC}") = "Formation.Webjobs.ContinuousHelloWorld", "Formation.Webjobs.ContinuousHelloWorld\Formation.Webjobs.ContinuousHelloWorld.csproj", "{5A446002-7798-49E1-A1B3-7F555B84E9B1}"
EndProject
Global
	GlobalSection(SolutionConfigurationPlatforms) = preSolution
		Debug|Any CPU = Debug|Any CPU
		Release|Any CPU = Release|Any CPU
	EndGlobalSection
	GlobalSection(ProjectConfigurationPlatforms) = postSolution
		{8E9FE0FA-C483-4D4C-81B2-770FCF86293D}.Debug|Any CPU.ActiveCfg = Debug|Any CPU
		{8E9FE0FA-C483-4D4C-81B2-770FCF86293D}.Debug|Any CPU.Build.0 = Debug|Any CPU
		{8E9FE0FA-C483-4D4C-81B2-770FCF86293D}.Release|Any CPU.ActiveCfg = Release|Any CPU
		{8E9FE0FA-C483-4D4C-81B2-770FCF86293D}.Release|Any CPU.Build.0 = Release|Any CPU
		{5A446002-7798-49E1-A1B3-7F555B84E9B1}.Debug|Any CPU.ActiveCfg = Debug|Any CPU
		{5A446002-7798-49E1-A1B3-7F555B84E9B1}.Debug|Any CPU.Build.0 = Debug|Any CPU
		{5A446002-7798-49E1-A1B3-7F555B84E9B1}.Release|Any CPU.ActiveCfg = Release|Any CPU
		{5A446002-7798-49E1-A1B3-7F555B84E9B1}.Release|Any CPU.Build.0 = Release|Any CPU
	EndGlobalSection
	GlobalSection(SolutionProperties) = preSolution
		HideSolutionNode = FALSE
	EndGlobalSection
	GlobalSection(ExtensibilityGlobals) = postSolution
		SolutionGuid = {53E9152E-47EB-462E-8E2D-6DC2AC3A890E}
	EndGlobalSection
EndGlobal
